{
  "version": "2",
  "remote": {
    "https://deno.land/std@0.140.0/async/abortable.ts": "87aa7230be8360c24ad437212311c9e8d4328854baec27b4c7abb26e85515c06",
    "https://deno.land/std@0.140.0/async/deadline.ts": "48ac998d7564969f3e6ec6b6f9bf0217ebd00239b1b2292feba61272d5dd58d0",
    "https://deno.land/std@0.140.0/async/debounce.ts": "564273ef242bcfcda19a439132f940db8694173abffc159ea34f07d18fc42620",
    "https://deno.land/std@0.140.0/async/deferred.ts": "bc18e28108252c9f67dfca2bbc4587c3cbf3aeb6e155f8c864ca8ecff992b98a",
    "https://deno.land/std@0.140.0/async/delay.ts": "cbbdf1c87d1aed8edc7bae13592fb3e27e3106e0748f089c263390d4f49e5f6c",
    "https://deno.land/std@0.140.0/async/mod.ts": "6e42e275b44367361a81842dd1a789c55ab206d7c8a877d7163ab5c460625be6",
    "https://deno.land/std@0.140.0/async/mux_async_iterator.ts": "f4d1d259b0c694d381770ddaaa4b799a94843eba80c17f4a2ec2949168e52d1e",
    "https://deno.land/std@0.140.0/async/pool.ts": "97b0dd27c69544e374df857a40902e74e39532f226005543eabacb551e277082",
    "https://deno.land/std@0.140.0/async/tee.ts": "1341feb1f5b1a96f8628d0f8fc07d8c43d3813423f18a63bf1b4785568d21b1f",
    "https://deno.land/std@0.140.0/http/server.ts": "3da75405704bebcf212a55966a68a489f7e094ba52b5d38f181fe0ef8461a55d",
    "https://deno.land/std@0.192.0/_util/asserts.ts": "178dfc49a464aee693a7e285567b3d0b555dc805ff490505a8aae34f9cfb1462",
    "https://deno.land/std@0.192.0/_util/os.ts": "d932f56d41e4f6a6093d56044e29ce637f8dcc43c5a90af43504a889cf1775e3",
    "https://deno.land/std@0.192.0/async/abortable.ts": "fd682fa46f3b7b16b4606a5ab52a7ce309434b76f820d3221bdfb862719a15d7",
    "https://deno.land/std@0.192.0/async/deadline.ts": "58f72a3cc0fcb731b2cc055ba046f4b5be3349ff6bf98f2e793c3b969354aab2",
    "https://deno.land/std@0.192.0/async/debounce.ts": "adab11d04ca38d699444ac8a9d9856b4155e8dda2afd07ce78276c01ea5a4332",
    "https://deno.land/std@0.192.0/async/deferred.ts": "42790112f36a75a57db4a96d33974a936deb7b04d25c6084a9fa8a49f135def8",
    "https://deno.land/std@0.192.0/async/delay.ts": "73aa04cec034c84fc748c7be49bb15cac3dd43a57174bfdb7a4aec22c248f0dd",
    "https://deno.land/std@0.192.0/async/mod.ts": "f04344fa21738e5ad6bea37a6bfffd57c617c2d372bb9f9dcfd118a1b622e576",
    "https://deno.land/std@0.192.0/async/mux_async_iterator.ts": "70c7f2ee4e9466161350473ad61cac0b9f115cff4c552eaa7ef9d50c4cbb4cc9",
    "https://deno.land/std@0.192.0/async/pool.ts": "f1b8d3df4d7fd3c73f8cbc91cc2e8b8e950910f1eab94230b443944d7584c657",
    "https://deno.land/std@0.192.0/async/retry.ts": "6521c061a5ab24e8b1ae624bdc581c4243d1d574f99dc7f5a2a195c2241fb1b8",
    "https://deno.land/std@0.192.0/async/tee.ts": "47e42d35f622650b02234d43803d0383a89eb4387e1b83b5a40106d18ae36757",
    "https://deno.land/std@0.192.0/fmt/colors.ts": "d67e3cd9f472535241a8e410d33423980bec45047e343577554d3356e1f0ef4e",
    "https://deno.land/std@0.192.0/http/server.ts": "1b23463b5b36e4eebc495417f6af47a6f7d52e3294827a1226d2a1aab23d9d20",
    "https://deno.land/std@0.192.0/path/_constants.ts": "e49961f6f4f48039c0dfed3c3f93e963ca3d92791c9d478ac5b43183413136e0",
    "https://deno.land/std@0.192.0/path/_interface.ts": "6471159dfbbc357e03882c2266d21ef9afdb1e4aa771b0545e90db58a0ba314b",
    "https://deno.land/std@0.192.0/path/_util.ts": "d7abb1e0dea065f427b89156e28cdeb32b045870acdf865833ba808a73b576d0",
    "https://deno.land/std@0.192.0/path/common.ts": "ee7505ab01fd22de3963b64e46cff31f40de34f9f8de1fff6a1bd2fe79380000",
    "https://deno.land/std@0.192.0/path/glob.ts": "d479e0a695621c94d3fd7fe7abd4f9499caf32a8de13f25073451c6ef420a4e1",
    "https://deno.land/std@0.192.0/path/mod.ts": "f065032a7189404fdac3ad1a1551a9ac84751d2f25c431e101787846c86c79ef",
    "https://deno.land/std@0.192.0/path/posix.ts": "8b7c67ac338714b30c816079303d0285dd24af6b284f7ad63da5b27372a2c94d",
    "https://deno.land/std@0.192.0/path/separator.ts": "0fb679739d0d1d7bf45b68dacfb4ec7563597a902edbaf3c59b50d5bcadd93b1",
    "https://deno.land/std@0.192.0/path/win32.ts": "d186344e5583bcbf8b18af416d13d82b35a317116e6460a5a3953508c3de5bba",
    "https://deno.land/std@0.192.0/testing/_diff.ts": "1a3c044aedf77647d6cac86b798c6417603361b66b54c53331b312caeb447aea",
    "https://deno.land/std@0.192.0/testing/_format.ts": "a69126e8a469009adf4cf2a50af889aca364c349797e63174884a52ff75cf4c7",
    "https://deno.land/std@0.192.0/testing/_test_suite.ts": "30f018feeb3835f12ab198d8a518f9089b1bcb2e8c838a8b615ab10d5005465c",
    "https://deno.land/std@0.192.0/testing/asserts.ts": "e16d98b4d73ffc4ed498d717307a12500ae4f2cbe668f1a215632d19fcffc22f",
    "https://deno.land/std@0.192.0/testing/bdd.ts": "59f7f7503066d66a12e50ace81bfffae5b735b6be1208f5684b630ae6b4de1d0",
    "https://deno.land/std@0.193.0/_util/asserts.ts": "178dfc49a464aee693a7e285567b3d0b555dc805ff490505a8aae34f9cfb1462",
    "https://deno.land/std@0.193.0/_util/os.ts": "d932f56d41e4f6a6093d56044e29ce637f8dcc43c5a90af43504a889cf1775e3",
    "https://deno.land/std@0.193.0/async/abortable.ts": "fd682fa46f3b7b16b4606a5ab52a7ce309434b76f820d3221bdfb862719a15d7",
    "https://deno.land/std@0.193.0/async/deadline.ts": "58f72a3cc0fcb731b2cc055ba046f4b5be3349ff6bf98f2e793c3b969354aab2",
    "https://deno.land/std@0.193.0/async/debounce.ts": "adab11d04ca38d699444ac8a9d9856b4155e8dda2afd07ce78276c01ea5a4332",
    "https://deno.land/std@0.193.0/async/deferred.ts": "42790112f36a75a57db4a96d33974a936deb7b04d25c6084a9fa8a49f135def8",
    "https://deno.land/std@0.193.0/async/delay.ts": "73aa04cec034c84fc748c7be49bb15cac3dd43a57174bfdb7a4aec22c248f0dd",
    "https://deno.land/std@0.193.0/async/mod.ts": "f04344fa21738e5ad6bea37a6bfffd57c617c2d372bb9f9dcfd118a1b622e576",
    "https://deno.land/std@0.193.0/async/mux_async_iterator.ts": "70c7f2ee4e9466161350473ad61cac0b9f115cff4c552eaa7ef9d50c4cbb4cc9",
    "https://deno.land/std@0.193.0/async/pool.ts": "f1b8d3df4d7fd3c73f8cbc91cc2e8b8e950910f1eab94230b443944d7584c657",
    "https://deno.land/std@0.193.0/async/retry.ts": "b1ccf653954a4e52b3d9731e57d18b864e689a7462e78fb20440b11be9905080",
    "https://deno.land/std@0.193.0/async/tee.ts": "47e42d35f622650b02234d43803d0383a89eb4387e1b83b5a40106d18ae36757",
    "https://deno.land/std@0.193.0/flags/mod.ts": "17f444ddbee43c5487568de0c6a076c7729cfe90d96d2ffcd2b8f8adadafb6e8",
    "https://deno.land/std@0.193.0/fmt/colors.ts": "d67e3cd9f472535241a8e410d33423980bec45047e343577554d3356e1f0ef4e",
    "https://deno.land/std@0.193.0/http/server.ts": "1b23463b5b36e4eebc495417f6af47a6f7d52e3294827a1226d2a1aab23d9d20",
    "https://deno.land/std@0.193.0/path/_constants.ts": "e49961f6f4f48039c0dfed3c3f93e963ca3d92791c9d478ac5b43183413136e0",
    "https://deno.land/std@0.193.0/path/_interface.ts": "6471159dfbbc357e03882c2266d21ef9afdb1e4aa771b0545e90db58a0ba314b",
    "https://deno.land/std@0.193.0/path/_util.ts": "d7abb1e0dea065f427b89156e28cdeb32b045870acdf865833ba808a73b576d0",
    "https://deno.land/std@0.193.0/path/common.ts": "ee7505ab01fd22de3963b64e46cff31f40de34f9f8de1fff6a1bd2fe79380000",
    "https://deno.land/std@0.193.0/path/glob.ts": "d479e0a695621c94d3fd7fe7abd4f9499caf32a8de13f25073451c6ef420a4e1",
    "https://deno.land/std@0.193.0/path/mod.ts": "f065032a7189404fdac3ad1a1551a9ac84751d2f25c431e101787846c86c79ef",
    "https://deno.land/std@0.193.0/path/posix.ts": "8b7c67ac338714b30c816079303d0285dd24af6b284f7ad63da5b27372a2c94d",
    "https://deno.land/std@0.193.0/path/separator.ts": "0fb679739d0d1d7bf45b68dacfb4ec7563597a902edbaf3c59b50d5bcadd93b1",
    "https://deno.land/std@0.193.0/path/win32.ts": "d186344e5583bcbf8b18af416d13d82b35a317116e6460a5a3953508c3de5bba",
    "https://deno.land/std@0.193.0/testing/_diff.ts": "1a3c044aedf77647d6cac86b798c6417603361b66b54c53331b312caeb447aea",
    "https://deno.land/std@0.193.0/testing/_format.ts": "a69126e8a469009adf4cf2a50af889aca364c349797e63174884a52ff75cf4c7",
    "https://deno.land/std@0.193.0/testing/_test_suite.ts": "30f018feeb3835f12ab198d8a518f9089b1bcb2e8c838a8b615ab10d5005465c",
    "https://deno.land/std@0.193.0/testing/asserts.ts": "056d571baaefc7f13af3e29ad6a66d4dbe5355d3cb2ae130e7d2a1b1e01085e3",
    "https://deno.land/std@0.193.0/testing/bdd.ts": "0c760348442712ca3ae6102dbb3aa76b49a95ee08fee86c8a0932de53a00e308",
    "https://deno.land/std@0.69.0/encoding/base64.ts": "79c67b8a9d911eff89cafd84749587a2851a7bb3bed4e952f6cf4c2ff97ae120",
    "https://deno.land/std@0.69.0/encoding/hex.ts": "8dc1489e66b22fec26950c7a55391b12be0d9f9a80cbc7b422700cdff85cd2f7",
    "https://deno.land/std@0.69.0/encoding/utf8.ts": "8654fa820aa69a37ec5eb11908e20b39d056c9bf1c23ab294303ff467f3d50a1",
    "https://deno.land/std@0.69.0/fmt/colors.ts": "ce9375edade12ca09c257743f223fc469d72578d0c74a55cbf1a34f6198ce3df",
    "https://deno.land/std@0.69.0/hash/_wasm/hash.ts": "005f64c4d9343ecbc91e0da9ae5e800f146c20930ad829bbb872c5c06bd89c5f",
    "https://deno.land/std@0.69.0/hash/_wasm/wasm.js": "10c91f7551443bd49b8ced10df7d5c2ce9a447d224eccc6d51f77730e074cdfe",
    "https://deno.land/std@0.69.0/hash/hasher.ts": "099c9e2a91b9f106b9f01379705e17e7d9de392ee1ea2b8684a2adfa82ac3bfc",
    "https://deno.land/std@0.69.0/hash/mod.ts": "e764a6a9ab2f5519a97f928e17cc13d984e3dd5c7f742ff9c1c8fb3114790f0c",
    "https://deno.land/x/debug@0.2.0/colors.ts": "a05af5a6bc4fabb79db34ca215f177f010eafe09a3cd2278e142a122bfab5585",
    "https://deno.land/x/debug@0.2.0/debug.ts": "6378213af1826e6ad870d8ffb075336ce64ea33b472ea952a38fcd6b68ee54ec",
    "https://deno.land/x/debug@0.2.0/deps.ts": "c00793c24e4d0a15c796c7ef3b9a9a3ac4ea06cad9ef7c68bcb538310e262ea0",
    "https://deno.land/x/debug@0.2.0/format.ts": "e5c81071cdb2e529b2dc3aa379428217a49af45bf59b6511812e2bba9023f1bc",
    "https://deno.land/x/debug@0.2.0/mod.ts": "32e961550c7358a88a9bb2606ac70eeb168305298f5ae1e9536018d8f0c54118",
    "https://deno.land/x/quiet_debug@v1.0.0/mod.ts": "4f21865c4b4f5ec27f8a4c5fb620b24401b76590688d7fe34bc5f862d0c4a335",
    "https://deno.land/x/run_simple@2.1.0/mod.ts": "107de176c82574d128164e31ad7811a03ef85d67919061eed3b8f3bcecec1885",
    "https://deno.land/x/run_simple@2.1.0/src/fn.ts": "1faf24c00a2676c717f99c5e2d2ff9ccee6191fb09b94496522f9700af7acd15",
    "https://deno.land/x/run_simple@2.1.0/src/os.ts": "47820a9a43f99006ef8e6a0c4c353406cda1155e18b6ced50d0863c2a11863e9",
    "https://deno.land/x/run_simple@2.1.0/src/run.ts": "c7ce54de495dd4cc171adddb3e9412ad90dac8b6f44f46439119b7aa309ee6e0",
    "https://deno.land/x/websocket_broadcastchannel@0.5.0/mod.ts": "e44529f4ff0edbd58305818e90f7691eb3c5964d558b77fcadccc499f0c506fb",
    "https://deno.land/x/websocket_broadcastchannel@0.5.0/src/client-servers.ts": "d3c78434a1e81038c8618f4566079d828e05edfdfd2fa0871e910bbc5e9f8fac",
    "https://deno.land/x/websocket_broadcastchannel@0.5.0/src/create-broadcast-channel.ts": "840de6253d02dca04a5bc672149e764c85f097c76e4401ce0a2e2916dd01bf95",
    "https://deno.land/x/websocket_broadcastchannel@0.5.0/src/default-websocket-url.ts": "7944c870318531a282d56b9b2a092f9b36bfcdd447fdc9152b7e903c5204538a",
    "https://deno.land/x/websocket_broadcastchannel@0.5.0/src/fn.ts": "b07860c20fc0a65bf1c711516edc38e1029c2da83d4651ca835e915dcfc62d5e",
    "https://deno.land/x/websocket_broadcastchannel@0.5.0/src/id-url-channel.ts": "877a149e959d035c413cf3b467289c57ba9559717293370e390ff687ff4b5fc2",
    "https://deno.land/x/websocket_broadcastchannel@0.5.0/src/id-url.ts": "c84e60eaca2276fb9ae838d9bc87d5b44055a2665725f964b55dcea12006334c",
    "https://deno.land/x/websocket_broadcastchannel@0.5.0/src/log.ts": "ad8e42ce8815eee79c266a8499b68edb90dc8c4c1e1a8dc2bc6c2b5a28b8d68f",
    "https://deno.land/x/websocket_broadcastchannel@0.5.0/src/multiplex-message.ts": "18eaca537729a98701d863a19be02c363f591023b412c4a952d482f55d1d1a74",
    "https://deno.land/x/websocket_broadcastchannel@0.5.0/src/one-time-fuse.ts": "5a4d3b22432ece6b3703888b0accd48cfee189f38ca8d7be50b21ec819eff4db",
    "https://deno.land/x/websocket_broadcastchannel@0.5.0/src/promise-queue.ts": "fcf71f409244afdb84ae2b7f604db24157e2a8830d4c8c48c42d68aa9551f0b0",
    "https://deno.land/x/websocket_broadcastchannel@0.5.0/src/serve-web-socket.ts": "c2a359115d705feb611a26d086f7032331d11d12a7bad7a97419a90f13bdd5bc",
    "https://deno.land/x/websocket_broadcastchannel@0.5.0/src/state-machine.ts": "b756980b96ad36fdf65e6fc467a09b4a70f98a827e6c2151ddf3741444114c83",
    "https://deno.land/x/websocket_broadcastchannel@0.5.0/src/types.ts": "f6313d46bf45af9da7d89f705bb6f02a7d66f69058e7b3548012d3ce5ae39852",
    "https://deno.land/x/websocket_broadcastchannel@0.5.0/src/using.ts": "93c2b32b9d2e955b1b3078e6ee576e80dfa01ea8965ce49f8eaff13d33655393",
    "https://deno.land/x/websocket_broadcastchannel@0.5.0/src/web-socket-broadcast-channel.ts": "7ac8e8a0eb4fb88fd85e1f1098216f8a15a530ad5987c38ecb8e8cc6ff589941",
    "https://deno.land/x/websocket_broadcastchannel@0.5.0/src/web-socket-client-server.ts": "51606abf77e669448b6b2a37c3d068b56bf591246507701228e6b92e035d5324",
    "https://deno.land/x/websocket_broadcastchannel@0.5.0/src/web-socket-server.ts": "08326428496176b0b4089b5ac1f702ddc9ddc12f3859024a2e8edfa33656c709"
  }
}
